// !$*UTF8*$!
{
	archiveVersion = 1;
	classes = {
	};
	objectVersion = 77;
	objects = {

/* Begin PBXFileReference section */
		7C21FB8C2C87895D00312D45 /* app.json */ = {isa = PBXFileReference; lastKnownFileType = text.json; path = app.json; sourceTree = "<group>"; };
		7C21FB8D2C87895D00312D45 /* appearance.json */ = {isa = PBXFileReference; lastKnownFileType = text.json; path = appearance.json; sourceTree = "<group>"; };
		7C21FB8E2C87895D00312D45 /* core-plugins.json */ = {isa = PBXFileReference; lastKnownFileType = text.json; path = "core-plugins.json"; sourceTree = "<group>"; };
		7C21FB8F2C87895D00312D45 /* core-plugins-migration.json */ = {isa = PBXFileReference; lastKnownFileType = text.json; path = "core-plugins-migration.json"; sourceTree = "<group>"; };
		7C21FB902C87895D00312D45 /* graph.json */ = {isa = PBXFileReference; lastKnownFileType = text.json; path = graph.json; sourceTree = "<group>"; };
		7C21FB912C87895D00312D45 /* workspace.json */ = {isa = PBXFileReference; lastKnownFileType = text.json; path = workspace.json; sourceTree = "<group>"; };
		7C21FB932C87895D00312D45 /* Assembly.md */ = {isa = PBXFileReference; lastKnownFileType = net.daringfireball.markdown; path = Assembly.md; sourceTree = "<group>"; };
		7C21FB942C87895D00312D45 /* Dingus-8 Documentation Starter guide.md */ = {isa = PBXFileReference; lastKnownFileType = net.daringfireball.markdown; path = "Dingus-8 Documentation Starter guide.md"; sourceTree = "<group>"; };
		7C21FB952C87895D00312D45 /* END.md */ = {isa = PBXFileReference; lastKnownFileType = net.daringfireball.markdown; path = END.md; sourceTree = "<group>"; };
		7C21FB962C87895D00312D45 /* EQUAL.md */ = {isa = PBXFileReference; lastKnownFileType = net.daringfireball.markdown; path = EQUAL.md; sourceTree = "<group>"; };
		7C21FB972C87895D00312D45 /* General info.md */ = {isa = PBXFileReference; lastKnownFileType = net.daringfireball.markdown; path = "General info.md"; sourceTree = "<group>"; };
		7C21FB982C87895D00312D45 /* INEQUALITY.md */ = {isa = PBXFileReference; lastKnownFileType = net.daringfireball.markdown; path = INEQUALITY.md; sourceTree = "<group>"; };
		7C21FB992C87895D00312D45 /* Instructions.md */ = {isa = PBXFileReference; lastKnownFileType = net.daringfireball.markdown; path = Instructions.md; sourceTree = "<group>"; };
		7C21FB9A2C87895D00312D45 /* JUMPING.md */ = {isa = PBXFileReference; lastKnownFileType = net.daringfireball.markdown; path = JUMPING.md; sourceTree = "<group>"; };
		7C21FB9B2C87895D00312D45 /* LOGIC.md */ = {isa = PBXFileReference; lastKnownFileType = net.daringfireball.markdown; path = LOGIC.md; sourceTree = "<group>"; };
		7C21FB9C2C87895D00312D45 /* MATH.md */ = {isa = PBXFileReference; lastKnownFileType = net.daringfireball.markdown; path = MATH.md; sourceTree = "<group>"; };
		7C21FB9D2C87895D00312D45 /* MEMORY.md */ = {isa = PBXFileReference; lastKnownFileType = net.daringfireball.markdown; path = MEMORY.md; sourceTree = "<group>"; };
		7C21FB9E2C87895D00312D45 /* Memory Map.md */ = {isa = PBXFileReference; lastKnownFileType = net.daringfireball.markdown; path = "Memory Map.md"; sourceTree = "<group>"; };
		7C21FB9F2C87895D00312D45 /* MOV.md */ = {isa = PBXFileReference; lastKnownFileType = net.daringfireball.markdown; path = MOV.md; sourceTree = "<group>"; };
		7C21FBA02C87895D00312D45 /* NOP.md */ = {isa = PBXFileReference; lastKnownFileType = net.daringfireball.markdown; path = NOP.md; sourceTree = "<group>"; };
		7C21FBA12C87895D00312D45 /* OVERFLOW.md */ = {isa = PBXFileReference; lastKnownFileType = net.daringfireball.markdown; path = OVERFLOW.md; sourceTree = "<group>"; };
		7C21FBA22C87895D00312D45 /* PRINT.md */ = {isa = PBXFileReference; lastKnownFileType = net.daringfireball.markdown; path = PRINT.md; sourceTree = "<group>"; };
		7C21FBA32C87895D00312D45 /* Registers.md */ = {isa = PBXFileReference; lastKnownFileType = net.daringfireball.markdown; path = Registers.md; sourceTree = "<group>"; };
		7C21FBA42C87895D00312D45 /* STACK.md */ = {isa = PBXFileReference; lastKnownFileType = net.daringfireball.markdown; path = STACK.md; sourceTree = "<group>"; };
		7C21FBA52C87895D00312D45 /* STATUS.md */ = {isa = PBXFileReference; lastKnownFileType = net.daringfireball.markdown; path = STATUS.md; sourceTree = "<group>"; };
		7C21FBA62C87895D00312D45 /* Status Register.md */ = {isa = PBXFileReference; lastKnownFileType = net.daringfireball.markdown; path = "Status Register.md"; sourceTree = "<group>"; };
		7C21FBA82C87895D00312D45 /* DINGUS_8_Docs.txt */ = {isa = PBXFileReference; lastKnownFileType = text; path = DINGUS_8_Docs.txt; sourceTree = "<group>"; };
		7C21FBAA2C87895D00312D45 /* CPU.h */ = {isa = PBXFileReference; lastKnownFileType = sourcecode.c.h; path = CPU.h; sourceTree = "<group>"; };
		7C21FBAB2C87895D00312D45 /* memory.h */ = {isa = PBXFileReference; lastKnownFileType = sourcecode.c.h; path = memory.h; sourceTree = "<group>"; };
		7C21FBAD2C87895D00312D45 /* LICENSE */ = {isa = PBXFileReference; lastKnownFileType = text; path = LICENSE; sourceTree = "<group>"; };
		7C21FBAE2C87895D00312D45 /* README.md */ = {isa = PBXFileReference; lastKnownFileType = net.daringfireball.markdown; path = README.md; sourceTree = "<group>"; };
		7C21FBAF2C87895D00312D45 /* CPU.c */ = {isa = PBXFileReference; lastKnownFileType = sourcecode.c.c; path = CPU.c; sourceTree = "<group>"; };
		7C21FBB02C87895D00312D45 /* main.c */ = {isa = PBXFileReference; lastKnownFileType = sourcecode.c.c; path = main.c; sourceTree = "<group>"; };
		7C21FBB12C87895D00312D45 /* memory.c */ = {isa = PBXFileReference; lastKnownFileType = sourcecode.c.c; path = memory.c; sourceTree = "<group>"; };
/* End PBXFileReference section */

/* Begin PBXGroup section */
		7C21FB852C87894000312D45 = {
			isa = PBXGroup;
			children = (
				7C21FBA72C87895D00312D45 /* Dingus 8 */,
				7C21FBA92C87895D00312D45 /* Documentation */,
				7C21FBAC2C87895D00312D45 /* headers */,
				7C21FBAD2C87895D00312D45 /* LICENSE */,
				7C21FBAE2C87895D00312D45 /* README.md */,
				7C21FBB22C87895D00312D45 /* src */,
			);
			sourceTree = "<group>";
		};
		7C21FB922C87895D00312D45 /* .obsidian */ = {
			isa = PBXGroup;
			children = (
				7C21FB8C2C87895D00312D45 /* app.json */,
				7C21FB8D2C87895D00312D45 /* appearance.json */,
				7C21FB8E2C87895D00312D45 /* core-plugins.json */,
				7C21FB8F2C87895D00312D45 /* core-plugins-migration.json */,
				7C21FB902C87895D00312D45 /* graph.json */,
				7C21FB912C87895D00312D45 /* workspace.json */,
			);
			path = .obsidian;
			sourceTree = "<group>";
		};
		7C21FBA72C87895D00312D45 /* Dingus 8 */ = {
			isa = PBXGroup;
			children = (
				7C21FB922C87895D00312D45 /* .obsidian */,
				7C21FB932C87895D00312D45 /* Assembly.md */,
				7C21FB942C87895D00312D45 /* Dingus-8 Documentation Starter guide.md */,
				7C21FB952C87895D00312D45 /* END.md */,
				7C21FB962C87895D00312D45 /* EQUAL.md */,
				7C21FB972C87895D00312D45 /* General info.md */,
				7C21FB982C87895D00312D45 /* INEQUALITY.md */,
				7C21FB992C87895D00312D45 /* Instructions.md */,
				7C21FB9A2C87895D00312D45 /* JUMPING.md */,
				7C21FB9B2C87895D00312D45 /* LOGIC.md */,
				7C21FB9C2C87895D00312D45 /* MATH.md */,
				7C21FB9D2C87895D00312D45 /* MEMORY.md */,
				7C21FB9E2C87895D00312D45 /* Memory Map.md */,
				7C21FB9F2C87895D00312D45 /* MOV.md */,
				7C21FBA02C87895D00312D45 /* NOP.md */,
				7C21FBA12C87895D00312D45 /* OVERFLOW.md */,
				7C21FBA22C87895D00312D45 /* PRINT.md */,
				7C21FBA32C87895D00312D45 /* Registers.md */,
				7C21FBA42C87895D00312D45 /* STACK.md */,
				7C21FBA52C87895D00312D45 /* STATUS.md */,
				7C21FBA62C87895D00312D45 /* Status Register.md */,
			);
			path = "Dingus 8";
			sourceTree = "<group>";
		};
		7C21FBA92C87895D00312D45 /* Documentation */ = {
			isa = PBXGroup;
			children = (
				7C21FBA82C87895D00312D45 /* DINGUS_8_Docs.txt */,
			);
			path = Documentation;
			sourceTree = "<group>";
		};
		7C21FBAC2C87895D00312D45 /* headers */ = {
			isa = PBXGroup;
			children = (
				7C21FBAA2C87895D00312D45 /* CPU.h */,
				7C21FBAB2C87895D00312D45 /* memory.h */,
			);
			path = headers;
			sourceTree = "<group>";
		};
		7C21FBB22C87895D00312D45 /* src */ = {
			isa = PBXGroup;
			children = (
				7C21FBAF2C87895D00312D45 /* CPU.c */,
				7C21FBB02C87895D00312D45 /* main.c */,
				7C21FBB12C87895D00312D45 /* memory.c */,
			);
			path = src;
			sourceTree = "<group>";
		};
/* End PBXGroup section */

/* Begin PBXProject section */
		7C21FB862C87894000312D45 /* Project object */ = {
			isa = PBXProject;
			attributes = {
				BuildIndependentTargetsInParallel = 1;
				LastUpgradeCheck = 1600;
			};
			buildConfigurationList = 7C21FB892C87894000312D45 /* Build configuration list for PBXProject "DINGUS-8" */;
			developmentRegion = en;
			hasScannedForEncodings = 0;
			knownRegions = (
				en,
				Base,
			);
			mainGroup = 7C21FB852C87894000312D45;
			minimizedProjectReferenceProxies = 1;
			preferredProjectObjectVersion = 77;
			projectDirPath = "";
			projectRoot = "";
			targets = (
			);
		};
/* End PBXProject section */

/* Begin XCBuildConfiguration section */
		7C21FB8A2C87894000312D45 /* Debug */ = {
			isa = XCBuildConfiguration;
			buildSettings = {
			};
			name = Debug;
		};
		7C21FB8B2C87894000312D45 /* Release */ = {
			isa = XCBuildConfiguration;
			buildSettings = {
			};
			name = Release;
		};
/* End XCBuildConfiguration section */

/* Begin XCConfigurationList section */
		7C21FB892C87894000312D45 /* Build configuration list for PBXProject "DINGUS-8" */ = {
			isa = XCConfigurationList;
			buildConfigurations = (
				7C21FB8A2C87894000312D45 /* Debug */,
				7C21FB8B2C87894000312D45 /* Release */,
			);
			defaultConfigurationIsVisible = 0;
			defaultConfigurationName = Release;
		};
/* End XCConfigurationList section */
	};
	rootObject = 7C21FB862C87894000312D45 /* Project object */;
}
